
Microsoft Visual Studio Solution File, Format Version 12.00
# Visual Studio Version 16
VisualStudioVersion = 16.0.33027.164
MinimumVisualStudioVersion = 10.0.40219.1
Project("{FAE04EC0-301F-11D3-BF4B-00C04F79EFBC}") = "FinancialTips.Server", "FinancialTips\Server\FinancialTips.Server.csproj", "{257D07E7-EBD1-446C-9729-D800D9A4FCA2}"
EndProject
Project("{FAE04EC0-301F-11D3-BF4B-00C04F79EFBC}") = "FinancialTips.Client", "FinancialTips\Client\FinancialTips.Client.csproj", "{29212D41-3753-48DD-8D01-806A4566603F}"
EndProject
Project("{FAE04EC0-301F-11D3-BF4B-00C04F79EFBC}") = "FinancialTips.Shared", "FinancialTips\Shared\FinancialTips.Shared.csproj", "{98CA6D9B-A0CA-43CF-9FC7-9E49F04C2C02}"
EndProject
Global
	GlobalSection(SolutionConfigurationPlatforms) = preSolution
		Debug|Any CPU = Debug|Any CPU
		Release|Any CPU = Release|Any CPU
	EndGlobalSection
	GlobalSection(ProjectConfigurationPlatforms) = postSolution
		{257D07E7-EBD1-446C-9729-D800D9A4FCA2}.Debug|Any CPU.ActiveCfg = Debug|Any CPU
		{257D07E7-EBD1-446C-9729-D800D9A4FCA2}.Debug|Any CPU.Build.0 = Debug|Any CPU
		{257D07E7-EBD1-446C-9729-D800D9A4FCA2}.Release|Any CPU.ActiveCfg = Release|Any CPU
		{257D07E7-EBD1-446C-9729-D800D9A4FCA2}.Release|Any CPU.Build.0 = Release|Any CPU
		{29212D41-3753-48DD-8D01-806A4566603F}.Debug|Any CPU.ActiveCfg = Debug|Any CPU
		{29212D41-3753-48DD-8D01-806A4566603F}.Debug|Any CPU.Build.0 = Debug|Any CPU
		{29212D41-3753-48DD-8D01-806A4566603F}.Release|Any CPU.ActiveCfg = Release|Any CPU
		{29212D41-3753-48DD-8D01-806A4566603F}.Release|Any CPU.Build.0 = Release|Any CPU
		{98CA6D9B-A0CA-43CF-9FC7-9E49F04C2C02}.Debug|Any CPU.ActiveCfg = Debug|Any CPU
		{98CA6D9B-A0CA-43CF-9FC7-9E49F04C2C02}.Debug|Any CPU.Build.0 = Debug|Any CPU
		{98CA6D9B-A0CA-43CF-9FC7-9E49F04C2C02}.Release|Any CPU.ActiveCfg = Release|Any CPU
		{98CA6D9B-A0CA-43CF-9FC7-9E49F04C2C02}.Release|Any CPU.Build.0 = Release|Any CPU
	EndGlobalSection
	GlobalSection(SolutionProperties) = preSolution
		HideSolutionNode = FALSE
	EndGlobalSection
	GlobalSection(ExtensibilityGlobals) = postSolution
		SolutionGuid = {3BDD9E81-B54D-4336-AB6B-CC6DF9F4A615}
	EndGlobalSection
EndGlobal
